{
  "lockfileVersion": 1,
  "workspaces": {
    "": {
      "name": "shah-erp",
      "dependencies": {
        "@ai-sdk/amazon-bedrock": "^3.0.49",
        "ai": "^5.0.83",
        "zod": "^4.1.12",
      },
      "devDependencies": {
        "@biomejs/biome": "^2.3.4",
        "@types/bun": "latest",
      },
      "peerDependencies": {
        "typescript": "^5",
      },
    },
  },
  "packages": {
    "@ai-sdk/amazon-bedrock": ["@ai-sdk/amazon-bedrock@3.0.49", "", { "dependencies": { "@ai-sdk/anthropic": "2.0.39", "@ai-sdk/provider": "2.0.0", "@ai-sdk/provider-utils": "3.0.14", "@smithy/eventstream-codec": "^4.0.1", "@smithy/util-utf8": "^4.0.0", "aws4fetch": "^1.0.20" }, "peerDependencies": { "zod": "^3.25.76 || ^4.1.8" } }, "sha512-XxmZnXjURRcfct/jkx5VXXjKpcI+xjeXkmWDmvmdLuUEZL9L+J/OZZj1XiiVh6jHTr+27lK66zMCcNBoNw4DBA=="],

    "@ai-sdk/anthropic": ["@ai-sdk/anthropic@2.0.39", "", { "dependencies": { "@ai-sdk/provider": "2.0.0", "@ai-sdk/provider-utils": "3.0.14" }, "peerDependencies": { "zod": "^3.25.76 || ^4.1.8" } }, "sha512-8YckXsPN9e0NfU4zZvP23xCIKNESyYb1Y/xVllI1fZ+uVsd/shoz2zplbeGVQHPjXHWfY9aT5tF98Lp920HDIQ=="],

    "@ai-sdk/gateway": ["@ai-sdk/gateway@2.0.4", "", { "dependencies": { "@ai-sdk/provider": "2.0.0", "@ai-sdk/provider-utils": "3.0.14", "@vercel/oidc": "3.0.3" }, "peerDependencies": { "zod": "^3.25.76 || ^4.1.8" } }, "sha512-YakzaijPayJI244AOAXX+29WY+6i40vbvyMggfBB5D75ui8GyJPHvD/1TCSdD8lUyD4/QJvi9xSQ26QnPjmhag=="],

    "@ai-sdk/provider": ["@ai-sdk/provider@2.0.0", "", { "dependencies": { "json-schema": "^0.4.0" } }, "sha512-6o7Y2SeO9vFKB8lArHXehNuusnpddKPk7xqL7T2/b+OvXMRIXUO1rR4wcv1hAFUAT9avGZshty3Wlua/XA7TvA=="],

    "@ai-sdk/provider-utils": ["@ai-sdk/provider-utils@3.0.14", "", { "dependencies": { "@ai-sdk/provider": "2.0.0", "@standard-schema/spec": "^1.0.0", "eventsource-parser": "^3.0.5" }, "peerDependencies": { "zod": "^3.25.76 || ^4.1.8" } }, "sha512-CYRU6L7IlR7KslSBVxvlqlybQvXJln/PI57O8swhOaDIURZbjRP2AY3igKgUsrmWqqnFFUHP+AwTN8xqJAknnA=="],

    "@aws-crypto/crc32": ["@aws-crypto/crc32@5.2.0", "", { "dependencies": { "@aws-crypto/util": "^5.2.0", "@aws-sdk/types": "^3.222.0", "tslib": "^2.6.2" } }, "sha512-nLbCWqQNgUiwwtFsen1AdzAtvuLRsQS8rYgMuxCrdKf9kOssamGLuPwyTY9wyYblNr9+1XM8v6zoDTPPSIeANg=="],

    "@aws-crypto/util": ["@aws-crypto/util@5.2.0", "", { "dependencies": { "@aws-sdk/types": "^3.222.0", "@smithy/util-utf8": "^2.0.0", "tslib": "^2.6.2" } }, "sha512-4RkU9EsI6ZpBve5fseQlGNUWKMa1RLPQ1dnjnQoe07ldfIzcsGb5hC5W0Dm7u423KWzawlrpbjXBrXCEv9zazQ=="],

    "@aws-sdk/types": ["@aws-sdk/types@3.921.0", "", { "dependencies": { "@smithy/types": "^4.8.1", "tslib": "^2.6.2" } }, "sha512-mqEG8+vFh5w0ZZC+R8VCOdSk998Hy93pIDuwYpfMAWgYwVhFaIMOLn1fZw0w2DhTs5+ONHHwMJ6uVXtuuqOLQQ=="],

    "@biomejs/biome": ["@biomejs/biome@2.3.4", "", { "optionalDependencies": { "@biomejs/cli-darwin-arm64": "2.3.4", "@biomejs/cli-darwin-x64": "2.3.4", "@biomejs/cli-linux-arm64": "2.3.4", "@biomejs/cli-linux-arm64-musl": "2.3.4", "@biomejs/cli-linux-x64": "2.3.4", "@biomejs/cli-linux-x64-musl": "2.3.4", "@biomejs/cli-win32-arm64": "2.3.4", "@biomejs/cli-win32-x64": "2.3.4" }, "bin": { "biome": "bin/biome" } }, "sha512-TU08LXjBHdy0mEY9APtEtZdNQQijXUDSXR7IK1i45wgoPD5R0muK7s61QcFir6FpOj/RP1+YkPx5QJlycXUU3w=="],

    "@biomejs/cli-darwin-arm64": ["@biomejs/cli-darwin-arm64@2.3.4", "", { "os": "darwin", "cpu": "arm64" }, "sha512-w40GvlNzLaqmuWYiDU6Ys9FNhJiclngKqcGld3iJIiy2bpJ0Q+8n3haiaC81uTPY/NA0d8Q/I3Z9+ajc14102Q=="],

    "@biomejs/cli-darwin-x64": ["@biomejs/cli-darwin-x64@2.3.4", "", { "os": "darwin", "cpu": "x64" }, "sha512-3s7TLVtjJ7ni1xADXsS7x7GMUrLBZXg8SemXc3T0XLslzvqKj/dq1xGeBQ+pOWQzng9MaozfacIHdK2UlJ3jGA=="],

    "@biomejs/cli-linux-arm64": ["@biomejs/cli-linux-arm64@2.3.4", "", { "os": "linux", "cpu": "arm64" }, "sha512-y7efHyyM2gYmHy/AdWEip+VgTMe9973aP7XYKPzu/j8JxnPHuSUXftzmPhkVw0lfm4ECGbdBdGD6+rLmTgNZaA=="],

    "@biomejs/cli-linux-arm64-musl": ["@biomejs/cli-linux-arm64-musl@2.3.4", "", { "os": "linux", "cpu": "arm64" }, "sha512-IruVGQRwMURivWazchiq7gKAqZSFs5so6gi0hJyxk7x6HR+iwZbO2IxNOqyLURBvL06qkIHs7Wffl6Bw30vCbQ=="],

    "@biomejs/cli-linux-x64": ["@biomejs/cli-linux-x64@2.3.4", "", { "os": "linux", "cpu": "x64" }, "sha512-gKfjWR/6/dfIxPJCw8REdEowiXCkIpl9jycpNVHux8aX2yhWPLjydOshkDL6Y/82PcQJHn95VCj7J+BRcE5o1Q=="],

    "@biomejs/cli-linux-x64-musl": ["@biomejs/cli-linux-x64-musl@2.3.4", "", { "os": "linux", "cpu": "x64" }, "sha512-mzKFFv/w66e4/jCobFmD3kymCqG+FuWE7sVa4Yjqd9v7qt2UhXo67MSZKY9Ih18V2IwPzRKQPCw6KwdZs6AXSA=="],

    "@biomejs/cli-win32-arm64": ["@biomejs/cli-win32-arm64@2.3.4", "", { "os": "win32", "cpu": "arm64" }, "sha512-5TJ6JfVez+yyupJ/iGUici2wzKf0RrSAxJhghQXtAEsc67OIpdwSKAQboemILrwKfHDi5s6mu7mX+VTCTUydkw=="],

    "@biomejs/cli-win32-x64": ["@biomejs/cli-win32-x64@2.3.4", "", { "os": "win32", "cpu": "x64" }, "sha512-FGCijXecmC4IedQ0esdYNlMpx0Jxgf4zceCaMu6fkjWyjgn50ZQtMiqZZQ0Q/77yqPxvtkgZAvt5uGw0gAAjig=="],

    "@opentelemetry/api": ["@opentelemetry/api@1.9.0", "", {}, "sha512-3giAOQvZiH5F9bMlMiv8+GSPMeqg0dbaeo58/0SlA9sxSqZhnUtxzX9/2FzyhS9sWQf5S0GJE0AKBrFqjpeYcg=="],

    "@smithy/eventstream-codec": ["@smithy/eventstream-codec@4.2.4", "", { "dependencies": { "@aws-crypto/crc32": "5.2.0", "@smithy/types": "^4.8.1", "@smithy/util-hex-encoding": "^4.2.0", "tslib": "^2.6.2" } }, "sha512-aV8blR9RBDKrOlZVgjOdmOibTC2sBXNiT7WA558b4MPdsLTV6sbyc1WIE9QiIuYMJjYtnPLciefoqSW8Gi+MZQ=="],

    "@smithy/is-array-buffer": ["@smithy/is-array-buffer@4.2.0", "", { "dependencies": { "tslib": "^2.6.2" } }, "sha512-DZZZBvC7sjcYh4MazJSGiWMI2L7E0oCiRHREDzIxi/M2LY79/21iXt6aPLHge82wi5LsuRF5A06Ds3+0mlh6CQ=="],

    "@smithy/types": ["@smithy/types@4.8.1", "", { "dependencies": { "tslib": "^2.6.2" } }, "sha512-N0Zn0OT1zc+NA+UVfkYqQzviRh5ucWwO7mBV3TmHHprMnfcJNfhlPicDkBHi0ewbh+y3evR6cNAW0Raxvb01NA=="],

    "@smithy/util-buffer-from": ["@smithy/util-buffer-from@4.2.0", "", { "dependencies": { "@smithy/is-array-buffer": "^4.2.0", "tslib": "^2.6.2" } }, "sha512-kAY9hTKulTNevM2nlRtxAG2FQ3B2OR6QIrPY3zE5LqJy1oxzmgBGsHLWTcNhWXKchgA0WHW+mZkQrng/pgcCew=="],

    "@smithy/util-hex-encoding": ["@smithy/util-hex-encoding@4.2.0", "", { "dependencies": { "tslib": "^2.6.2" } }, "sha512-CCQBwJIvXMLKxVbO88IukazJD9a4kQ9ZN7/UMGBjBcJYvatpWk+9g870El4cB8/EJxfe+k+y0GmR9CAzkF+Nbw=="],

    "@smithy/util-utf8": ["@smithy/util-utf8@4.2.0", "", { "dependencies": { "@smithy/util-buffer-from": "^4.2.0", "tslib": "^2.6.2" } }, "sha512-zBPfuzoI8xyBtR2P6WQj63Rz8i3AmfAaJLuNG8dWsfvPe8lO4aCPYLn879mEgHndZH1zQ2oXmG8O1GGzzaoZiw=="],

    "@standard-schema/spec": ["@standard-schema/spec@1.0.0", "", {}, "sha512-m2bOd0f2RT9k8QJx1JN85cZYyH1RqFBdlwtkSlf4tBDYLCiiZnv1fIIwacK6cqwXavOydf0NPToMQgpKq+dVlA=="],

    "@types/bun": ["@types/bun@1.3.1", "", { "dependencies": { "bun-types": "1.3.1" } }, "sha512-4jNMk2/K9YJtfqwoAa28c8wK+T7nvJFOjxI4h/7sORWcypRNxBpr+TPNaCfVWq70tLCJsqoFwcf0oI0JU/fvMQ=="],

    "@types/node": ["@types/node@24.9.2", "", { "dependencies": { "undici-types": "~7.16.0" } }, "sha512-uWN8YqxXxqFMX2RqGOrumsKeti4LlmIMIyV0lgut4jx7KQBcBiW6vkDtIBvHnHIquwNfJhk8v2OtmO8zXWHfPA=="],

    "@types/react": ["@types/react@19.2.2", "", { "dependencies": { "csstype": "^3.0.2" } }, "sha512-6mDvHUFSjyT2B2yeNx2nUgMxh9LtOWvkhIU3uePn2I2oyNymUAX1NIsdgviM4CH+JSrp2D2hsMvJOkxY+0wNRA=="],

    "@vercel/oidc": ["@vercel/oidc@3.0.3", "", {}, "sha512-yNEQvPcVrK9sIe637+I0jD6leluPxzwJKx/Haw6F4H77CdDsszUn5V3o96LPziXkSNE2B83+Z3mjqGKBK/R6Gg=="],

    "ai": ["ai@5.0.83", "", { "dependencies": { "@ai-sdk/gateway": "2.0.4", "@ai-sdk/provider": "2.0.0", "@ai-sdk/provider-utils": "3.0.14", "@opentelemetry/api": "1.9.0" }, "peerDependencies": { "zod": "^3.25.76 || ^4.1.8" } }, "sha512-tMc1wqc9khzETBN0X4/MHw9RbeP5uKFdoG5sUIUJ3p7lSgfDU6yZMwT6jrnA3Nk2AvxM0T43P1h2LfPlBSwGKA=="],

    "aws4fetch": ["aws4fetch@1.0.20", "", {}, "sha512-/djoAN709iY65ETD6LKCtyyEI04XIBP5xVvfmNxsEP0uJB5tyaGBztSryRr4HqMStr9R06PisQE7m9zDTXKu6g=="],

    "bun-types": ["bun-types@1.3.1", "", { "dependencies": { "@types/node": "*" }, "peerDependencies": { "@types/react": "^19" } }, "sha512-NMrcy7smratanWJ2mMXdpatalovtxVggkj11bScuWuiOoXTiKIu2eVS1/7qbyI/4yHedtsn175n4Sm4JcdHLXw=="],

    "csstype": ["csstype@3.1.3", "", {}, "sha512-M1uQkMl8rQK/szD0LNhtqxIPLpimGm8sOBwU7lLnCpSbTyY3yeU1Vc7l4KT5zT4s/yOxHH5O7tIuuLOCnLADRw=="],

    "eventsource-parser": ["eventsource-parser@3.0.6", "", {}, "sha512-Vo1ab+QXPzZ4tCa8SwIHJFaSzy4R6SHf7BY79rFBDf0idraZWAkYrDjDj8uWaSm3S2TK+hJ7/t1CEmZ7jXw+pg=="],

    "json-schema": ["json-schema@0.4.0", "", {}, "sha512-es94M3nTIfsEPisRafak+HDLfHXnKBhV3vU5eqPcS3flIWqcxJWgXHXiey3YrpaNsanY5ei1VoYEbOzijuq9BA=="],

    "tslib": ["tslib@2.8.1", "", {}, "sha512-oJFu94HQb+KVduSUQL7wnpmqnfmLsOA/nAh6b6EH0wCEoK0/mPeXU6c3wKDV83MkOuHPRHtSXKKU99IBazS/2w=="],

    "typescript": ["typescript@5.9.3", "", { "bin": { "tsc": "bin/tsc", "tsserver": "bin/tsserver" } }, "sha512-jl1vZzPDinLr9eUt3J/t7V6FgNEw9QjvBPdysz9KfQDD41fQrC2Y4vKQdiaUpFT4bXlb1RHhLpp8wtm6M5TgSw=="],

    "undici-types": ["undici-types@7.16.0", "", {}, "sha512-Zz+aZWSj8LE6zoxD+xrjh4VfkIG8Ya6LvYkZqtUQGJPZjYl53ypCaUwWqo7eI0x66KBGeRo+mlBEkMSeSZ38Nw=="],

    "zod": ["zod@4.1.12", "", {}, "sha512-JInaHOamG8pt5+Ey8kGmdcAcg3OL9reK8ltczgHTAwNhMys/6ThXHityHxVV2p3fkw/c+MAvBHFVYHFZDmjMCQ=="],

    "@aws-crypto/util/@smithy/util-utf8": ["@smithy/util-utf8@2.3.0", "", { "dependencies": { "@smithy/util-buffer-from": "^2.2.0", "tslib": "^2.6.2" } }, "sha512-R8Rdn8Hy72KKcebgLiv8jQcQkXoLMOGGv5uI1/k0l+snqkOzQ1R0ChUBCxWMlBsFMekWjq0wRudIweFs7sKT5A=="],

    "@aws-crypto/util/@smithy/util-utf8/@smithy/util-buffer-from": ["@smithy/util-buffer-from@2.2.0", "", { "dependencies": { "@smithy/is-array-buffer": "^2.2.0", "tslib": "^2.6.2" } }, "sha512-IJdWBbTcMQ6DA0gdNhh/BwrLkDR+ADW5Kr1aZmd4k3DIF6ezMV4R2NIAmT08wQJ3yUK82thHWmC/TnK/wpMMIA=="],

    "@aws-crypto/util/@smithy/util-utf8/@smithy/util-buffer-from/@smithy/is-array-buffer": ["@smithy/is-array-buffer@2.2.0", "", { "dependencies": { "tslib": "^2.6.2" } }, "sha512-GGP3O9QFD24uGeAXYUjwSTXARoqpZykHadOmA8G5vfJPK0/DC67qa//0qvqrJzL1xc8WQWX7/yc7fwudjPHPhA=="],
  }
}
